// !$*UTF8*$!
{
	archiveVersion = 1;
	classes = {
	};
	objectVersion = 46;
	objects = {

/* Begin PBXBuildFile section */
		C455D2D81AB13B5E0013493C /* AppDelegate.swift in Sources */ = {isa = PBXBuildFile; fileRef = C455D2D71AB13B5E0013493C /* AppDelegate.swift */; };
		C455D2DA1AB13B5E0013493C /* ViewController.swift in Sources */ = {isa = PBXBuildFile; fileRef = C455D2D91AB13B5E0013493C /* ViewController.swift */; };
		C455D2DD1AB13B5E0013493C /* Main.storyboard in Resources */ = {isa = PBXBuildFile; fileRef = C455D2DB1AB13B5E0013493C /* Main.storyboard */; };
		C455D2DF1AB13B5E0013493C /* Images.xcassets in Resources */ = {isa = PBXBuildFile; fileRef = C455D2DE1AB13B5E0013493C /* Images.xcassets */; };
		C455D2E21AB13B5E0013493C /* LaunchScreen.xib in Resources */ = {isa = PBXBuildFile; fileRef = C455D2E01AB13B5E0013493C /* LaunchScreen.xib */; };
		C455D2EE1AB13B5E0013493C /* UnwindSegueTests.swift in Sources */ = {isa = PBXBuildFile; fileRef = C455D2ED1AB13B5E0013493C /* UnwindSegueTests.swift */; };
/* End PBXBuildFile section */

/* Begin PBXContainerItemProxy section */
		C455D2E81AB13B5E0013493C /* PBXContainerItemProxy */ = {
			isa = PBXContainerItemProxy;
			containerPortal = C455D2CA1AB13B5D0013493C /* Project object */;
			proxyType = 1;
			remoteGlobalIDString = C455D2D11AB13B5E0013493C;
			remoteInfo = UnwindSegue;
		};
/* End PBXContainerItemProxy section */

/* Begin PBXFileReference section */
		C455D2D21AB13B5E0013493C /* UnwindSegue.app */ = {isa = PBXFileReference; explicitFileType = wrapper.application; includeInIndex = 0; path = UnwindSegue.app; sourceTree = BUILT_PRODUCTS_DIR; };
		C455D2D61AB13B5E0013493C /* Info.plist */ = {isa = PBXFileReference; lastKnownFileType = text.plist.xml; path = Info.plist; sourceTree = "<group>"; };
		C455D2D71AB13B5E0013493C /* AppDelegate.swift */ = {isa = PBXFileReference; lastKnownFileType = sourcecode.swift; path = AppDelegate.swift; sourceTree = "<group>"; };
		C455D2D91AB13B5E0013493C /* ViewController.swift */ = {isa = PBXFileReference; lastKnownFileType = sourcecode.swift; path = ViewController.swift; sourceTree = "<group>"; };
		C455D2DC1AB13B5E0013493C /* Base */ = {isa = PBXFileReference; lastKnownFileType = file.storyboard; name = Base; path = Base.lproj/Main.storyboard; sourceTree = "<group>"; };
		C455D2DE1AB13B5E0013493C /* Images.xcassets */ = {isa = PBXFileReference; lastKnownFileType = folder.assetcatalog; path = Images.xcassets; sourceTree = "<group>"; };
		C455D2E11AB13B5E0013493C /* Base */ = {isa = PBXFileReference; lastKnownFileType = file.xib; name = Base; path = Base.lproj/LaunchScreen.xib; sourceTree = "<group>"; };
		C455D2E71AB13B5E0013493C /* UnwindSegueTests.xctest */ = {isa = PBXFileReference; explicitFileType = wrapper.cfbundle; includeInIndex = 0; path = UnwindSegueTests.xctest; sourceTree = BUILT_PRODUCTS_DIR; };
		C455D2EC1AB13B5E0013493C /* Info.plist */ = {isa = PBXFileReference; lastKnownFileType = text.plist.xml; path = Info.plist; sourceTree = "<group>"; };
		C455D2ED1AB13B5E0013493C /* UnwindSegueTests.swift */ = {isa = PBXFileReference; lastKnownFileType = sourcecode.swift; path = UnwindSegueTests.swift; sourceTree = "<group>"; };
/* End PBXFileReference section */

/* Begin PBXFrameworksBuildPhase section */
		C455D2CF1AB13B5E0013493C /* Frameworks */ = {
			isa = PBXFrameworksBuildPhase;
			buildActionMask = 2147483647;
			files = (
			);
			runOnlyForDeploymentPostprocessing = 0;
		};
		C455D2E41AB13B5E0013493C /* Frameworks */ = {
			isa = PBXFrameworksBuildPhase;
			buildActionMask = 2147483647;
			files = (
			);
			runOnlyForDeploymentPostprocessing = 0;
		};
/* End PBXFrameworksBuildPhase section */

/* Begin PBXGroup section */
		C455D2C91AB13B5D0013493C = {
			isa = PBXGroup;
			children = (
				C455D2D41AB13B5E0013493C /* UnwindSegue */,
				C455D2EA1AB13B5E0013493C /* UnwindSegueTests */,
				C455D2D31AB13B5E0013493C /* Products */,
			);
			sourceTree = "<group>";
		};
		C455D2D31AB13B5E0013493C /* Products */ = {
			isa = PBXGroup;
			children = (
				C455D2D21AB13B5E0013493C /* UnwindSegue.app */,
				C455D2E71AB13B5E0013493C /* UnwindSegueTests.xctest */,
			);
			name = Products;
			sourceTree = "<group>";
		};
		C455D2D41AB13B5E0013493C /* UnwindSegue */ = {
			isa = PBXGroup;
			children = (
				C455D2D71AB13B5E0013493C /* AppDelegate.swift */,
				C455D2D91AB13B5E0013493C /* ViewController.swift */,
				C455D2DB1AB13B5E0013493C /* Main.storyboard */,
				C455D2DE1AB13B5E0013493C /* Images.xcassets */,
				C455D2E01AB13B5E0013493C /* LaunchScreen.xib */,
				C455D2D51AB13B5E0013493C /* Supporting Files */,
			);
			path = UnwindSegue;
			sourceTree = "<group>";
		};
		C455D2D51AB13B5E0013493C /* Supporting Files */ = {
			isa = PBXGroup;
			children = (
				C455D2D61AB13B5E0013493C /* Info.plist */,
			);
			name = "Supporting Files";
			sourceTree = "<group>";
		};
		C455D2EA1AB13B5E0013493C /* UnwindSegueTests */ = {
			isa = PBXGroup;
			children = (
				C455D2ED1AB13B5E0013493C /* UnwindSegueTests.swift */,
				C455D2EB1AB13B5E0013493C /* Supporting Files */,
			);
			path = UnwindSegueTests;
			sourceTree = "<group>";
		};
		C455D2EB1AB13B5E0013493C /* Supporting Files */ = {
			isa = PBXGroup;
			children = (
				C455D2EC1AB13B5E0013493C /* Info.plist */,
			);
			name = "Supporting Files";
			sourceTree = "<group>";
		};
/* End PBXGroup section */

/* Begin PBXNativeTarget section */
		C455D2D11AB13B5E0013493C /* UnwindSegue */ = {
			isa = PBXNativeTarget;
			buildConfigurationList = C455D2F11AB13B5E0013493C /* Build configuration list for PBXNativeTarget "UnwindSegue" */;
			buildPhases = (
				C455D2CE1AB13B5E0013493C /* Sources */,
				C455D2CF1AB13B5E0013493C /* Frameworks */,
				C455D2D01AB13B5E0013493C /* Resources */,
			);
			buildRules = (
			);
			dependencies = (
			);
			name = UnwindSegue;
			productName = UnwindSegue;
			productReference = C455D2D21AB13B5E0013493C /* UnwindSegue.app */;
			productType = "com.apple.product-type.application";
		};
		C455D2E61AB13B5E0013493C /* UnwindSegueTests */ = {
			isa = PBXNativeTarget;
			buildConfigurationList = C455D2F41AB13B5E0013493C /* Build configuration list for PBXNativeTarget "UnwindSegueTests" */;
			buildPhases = (
				C455D2E31AB13B5E0013493C /* Sources */,
				C455D2E41AB13B5E0013493C /* Frameworks */,
				C455D2E51AB13B5E0013493C /* Resources */,
			);
			buildRules = (
			);
			dependencies = (
				C455D2E91AB13B5E0013493C /* PBXTargetDependency */,
			);
			name = UnwindSegueTests;
			productName = UnwindSegueTests;
			productReference = C455D2E71AB13B5E0013493C /* UnwindSegueTests.xctest */;
			productType = "com.apple.product-type.bundle.unit-test";
		};
/* End PBXNativeTarget section */

/* Begin PBXProject section */
		C455D2CA1AB13B5D0013493C /* Project object */ = {
			isa = PBXProject;
			attributes = {
				LastUpgradeCheck = 0620;
				ORGANIZATIONNAME = "Kristian Secor";
				TargetAttributes = {
					C455D2D11AB13B5E0013493C = {
						CreatedOnToolsVersion = 6.2;
					};
					C455D2E61AB13B5E0013493C = {
						CreatedOnToolsVersion = 6.2;
						TestTargetID = C455D2D11AB13B5E0013493C;
					};
				};
			};
			buildConfigurationList = C455D2CD1AB13B5D0013493C /* Build configuration list for PBXProject "UnwindSegue" */;
			compatibilityVersion = "Xcode 3.2";
			developmentRegion = English;
			hasScannedForEncodings = 0;
			knownRegions = (
				en,
				Base,
			);
			mainGroup = C455D2C91AB13B5D0013493C;
			productRefGroup = C455D2D31AB13B5E0013493C /* Products */;
			projectDirPath = "";
			projectRoot = "";
			targets = (
				C455D2D11AB13B5E0013493C /* UnwindSegue */,
				C455D2E61AB13B5E0013493C /* UnwindSegueTests */,
			);
		};
/* End PBXProject section */

/* Begin PBXResourcesBuildPhase section */
		C455D2D01AB13B5E0013493C /* Resources */ = {
			isa = PBXResourcesBuildPhase;
			buildActionMask = 2147483647;
			files = (
				C455D2DD1AB13B5E0013493C /* Main.storyboard in Resources */,
				C455D2E21AB13B5E0013493C /* LaunchScreen.xib in Resources */,
				C455D2DF1AB13B5E0013493C /* Images.xcassets in Resources */,
			);
			runOnlyForDeploymentPostprocessing = 0;
		};
		C455D2E51AB13B5E0013493C /* Resources */ = {
			isa = PBXResourcesBuildPhase;
			buildActionMask = 2147483647;
			files = (
			);
			runOnlyForDeploymentPostprocessing = 0;
		};
/* End PBXResourcesBuildPhase section */

/* Begin PBXSourcesBuildPhase section */
		C455D2CE1AB13B5E0013493C /* Sources */ = {
			isa = PBXSourcesBuildPhase;
			buildActionMask = 2147483647;
			files = (
				C455D2DA1AB13B5E0013493C /* ViewController.swift in Sources */,
				C455D2D81AB13B5E0013493C /* AppDelegate.swift in Sources */,
			);
			runOnlyForDeploymentPostprocessing = 0;
		};
		C455D2E31AB13B5E0013493C /* Sources */ = {
			isa = PBXSourcesBuildPhase;
			buildActionMask = 2147483647;
			files = (
				C455D2EE1AB13B5E0013493C /* UnwindSegueTests.swift in Sources */,
			);
			runOnlyForDeploymentPostprocessing = 0;
		};
/* End PBXSourcesBuildPhase section */

/* Begin PBXTargetDependency section */
		C455D2E91AB13B5E0013493C /* PBXTargetDependency */ = {
			isa = PBXTargetDependency;
			target = C455D2D11AB13B5E0013493C /* UnwindSegue */;
			targetProxy = C455D2E81AB13B5E0013493C /* PBXContainerItemProxy */;
		};
/* End PBXTargetDependency section */

/* Begin PBXVariantGroup section */
		C455D2DB1AB13B5E0013493C /* Main.storyboard */ = {
			isa = PBXVariantGroup;
			children = (
				C455D2DC1AB13B5E0013493C /* Base */,
			);
			name = Main.storyboard;
			sourceTree = "<group>";
		};
		C455D2E01AB13B5E0013493C /* LaunchScreen.xib */ = {
			isa = PBXVariantGroup;
			children = (
				C455D2E11AB13B5E0013493C /* Base */,
			);
			name = LaunchScreen.xib;
			sourceTree = "<group>";
		};
/* End PBXVariantGroup section */

/* Begin XCBuildConfiguration section */
		C455D2EF1AB13B5E0013493C /* Debug */ = {
			isa = XCBuildConfiguration;
			buildSettings = {
				ALWAYS_SEARCH_USER_PATHS = NO;
				CLANG_CXX_LANGUAGE_STANDARD = "gnu++0x";
				CLANG_CXX_LIBRARY = "libc++";
				CLANG_ENABLE_MODULES = YES;
				CLANG_ENABLE_OBJC_ARC = YES;
				CLANG_WARN_BOOL_CONVERSION = YES;
				CLANG_WARN_CONSTANT_CONVERSION = YES;
				CLANG_WARN_DIRECT_OBJC_ISA_USAGE = YES_ERROR;
				CLANG_WARN_EMPTY_BODY = YES;
				CLANG_WARN_ENUM_CONVERSION = YES;
				CLANG_WARN_INT_CONVERSION = YES;
				CLANG_WARN_OBJC_ROOT_CLASS = YES_ERROR;
				CLANG_WARN_UNREACHABLE_CODE = YES;
				CLANG_WARN__DUPLICATE_METHOD_MATCH = YES;
				"CODE_SIGN_IDENTITY[sdk=iphoneos*]" = "iPhone Developer";
				COPY_PHASE_STRIP = NO;
				ENABLE_STRICT_OBJC_MSGSEND = YES;
				GCC_C_LANGUAGE_STANDARD = gnu99;
				GCC_DYNAMIC_NO_PIC = NO;
				GCC_OPTIMIZATION_LEVEL = 0;
				GCC_PREPROCESSOR_DEFINITIONS = (
					"DEBUG=1",
					"$(inherited)",
				);
				GCC_SYMBOLS_PRIVATE_EXTERN = NO;
				GCC_WARN_64_TO_32_BIT_CONVERSION = YES;
				GCC_WARN_ABOUT_RETURN_TYPE = YES_ERROR;
				GCC_WARN_UNDECLARED_SELECTOR = YES;
				GCC_WARN_UNINITIALIZED_AUTOS = YES_AGGRESSIVE;
				GCC_WARN_UNUSED_FUNCTION = YES;
				GCC_WARN_UNUSED_VARIABLE = YES;
				IPHONEOS_DEPLOYMENT_TARGET = 8.2;
				MTL_ENABLE_DEBUG_INFO = YES;
				ONLY_ACTIVE_ARCH = YES;
				SDKROOT = iphoneos;
				SWIFT_OPTIMIZATION_LEVEL = "-Onone";
			};
			name = Debug;
		};
		C455D2F01AB13B5E0013493C /* Release */ = {
			isa = XCBuildConfiguration;
			buildSettings = {
				ALWAYS_SEARCH_USER_PATHS = NO;
				CLANG_CXX_LANGUAGE_STANDARD = "gnu++0x";
				CLANG_CXX_LIBRARY = "libc++";
				CLANG_ENABLE_MODULES = YES;
				CLANG_ENABLE_OBJC_ARC = YES;
				CLANG_WARN_BOOL_CONVERSION = YES;
				CLANG_WARN_CONSTANT_CONVERSION = YES;
				CLANG_WARN_DIRECT_OBJC_ISA_USAGE = YES_ERROR;
				CLANG_WARN_EMPTY_BODY = YES;
				CLANG_WARN_ENUM_CONVERSION = YES;
				CLANG_WARN_INT_CONVERSION = YES;
				CLANG_WARN_OBJC_ROOT_CLASS = YES_ERROR;
				CLANG_WARN_UNREACHABLE_CODE = YES;
				CLANG_WARN__DUPLICATE_METHOD_MATCH = YES;
				"CODE_SIGN_IDENTITY[sdk=iphoneos*]" = "iPhone Developer";
				COPY_PHASE_STRIP = NO;
				ENABLE_NS_ASSERTIONS = NO;
				ENABLE_STRICT_OBJC_MSGSEND = YES;
				GCC_C_LANGUAGE_STANDARD = gnu99;
				GCC_WARN_64_TO_32_BIT_CONVERSION = YES;
				GCC_WARN_ABOUT_RETURN_TYPE = YES_ERROR;
				GCC_WARN_UNDECLARED_SELECTOR = YES;
				GCC_WARN_UNINITIALIZED_AUTOS = YES_AGGRESSIVE;
				GCC_WARN_UNUSED_FUNCTION = YES;
				GCC_WARN_UNUSED_VARIABLE = YES;
				IPHONEOS_DEPLOYMENT_TARGET = 8.2;
				MTL_ENABLE_DEBUG_INFO = NO;
				SDKROOT = iphoneos;
				VALIDATE_PRODUCT = YES;
			};
			name = Release;
		};
		C455D2F21AB13B5E0013493C /* Debug */ = {
			isa = XCBuildConfiguration;
			buildSettings = {
				ASSETCATALOG_COMPILER_APPICON_NAME = AppIcon;
				INFOPLIST_FILE = UnwindSegue/Info.plist;
				LD_RUNPATH_SEARCH_PATHS = "$(inherited) @executable_path/Frameworks";
				PRODUCT_NAME = "$(TARGET_NAME)";
			};
			name = Debug;
		};
		C455D2F31AB13B5E0013493C /* Release */ = {
			isa = XCBuildConfiguration;
			buildSettings = {
				ASSETCATALOG_COMPILER_APPICON_NAME = AppIcon;
				INFOPLIST_FILE = UnwindSegue/Info.plist;
				LD_RUNPATH_SEARCH_PATHS = "$(inherited) @executable_path/Frameworks";
				PRODUCT_NAME = "$(TARGET_NAME)";
			};
			name = Release;
		};
		C455D2F51AB13B5E0013493C /* Debug */ = {
			isa = XCBuildConfiguration;
			buildSettings = {
				BUNDLE_LOADER = "$(TEST_HOST)";
				FRAMEWORK_SEARCH_PATHS = (
					"$(SDKROOT)/Developer/Library/Frameworks",
					"$(inherited)",
				);
				GCC_PREPROCESSOR_DEFINITIONS = (
					"DEBUG=1",
					"$(inherited)",
				);
				INFOPLIST_FILE = UnwindSegueTests/Info.plist;
				LD_RUNPATH_SEARCH_PATHS = "$(inherited) @executable_path/Frameworks @loader_path/Frameworks";
				PRODUCT_NAME = "$(TARGET_NAME)";
				TEST_HOST = "$(BUILT_PRODUCTS_DIR)/UnwindSegue.app/UnwindSegue";
			};
			name = Debug;
		};
		C455D2F61AB13B5E0013493C /* Release */ = {
			isa = XCBuildConfiguration;
			buildSettings = {
				BUNDLE_LOADER = "$(TEST_HOST)";
				FRAMEWORK_SEARCH_PATHS = (
					"$(SDKROOT)/Developer/Library/Frameworks",
					"$(inherited)",
				);
				INFOPLIST_FILE = UnwindSegueTests/Info.plist;
				LD_RUNPATH_SEARCH_PATHS = "$(inherited) @executable_path/Frameworks @loader_path/Frameworks";
				PRODUCT_NAME = "$(TARGET_NAME)";
				TEST_HOST = "$(BUILT_PRODUCTS_DIR)/UnwindSegue.app/UnwindSegue";
			};
			name = Release;
		};
/* End XCBuildConfiguration section */

/* Begin XCConfigurationList section */
		C455D2CD1AB13B5D0013493C /* Build configuration list for PBXProject "UnwindSegue" */ = {
			isa = XCConfigurationList;
			buildConfigurations = (
				C455D2EF1AB13B5E0013493C /* Debug */,
				C455D2F01AB13B5E0013493C /* Release */,
			);
			defaultConfigurationIsVisible = 0;
			defaultConfigurationName = Release;
		};
		C455D2F11AB13B5E0013493C /* Build configuration list for PBXNativeTarget "UnwindSegue" */ = {
			isa = XCConfigurationList;
			buildConfigurations = (
				C455D2F21AB13B5E0013493C /* Debug */,
				C455D2F31AB13B5E0013493C /* Release */,
			);
			defaultConfigurationIsVisible = 0;
		};
		C455D2F41AB13B5E0013493C /* Build configuration list for PBXNativeTarget "UnwindSegueTests" */ = {
			isa = XCConfigurationList;
			buildConfigurations = (
				C455D2F51AB13B5E0013493C /* Debug */,
				C455D2F61AB13B5E0013493C /* Release */,
			);
			defaultConfigurationIsVisible = 0;
		};
/* End XCConfigurationList section */
	};
	rootObject = C455D2CA1AB13B5D0013493C /* Project object */;
}
